{
  "name": "web",
  "version": "1.0.0",
  "lockfileVersion": 3,
  "requires": true,
  "packages": {
    "": {
      "name": "web",
      "version": "1.0.0",
      "license": "ISC",
      "dependencies": {
        "@tencentcloud/chat": "^3.6.5",
        "tim-upload-plugin": "^1.4.3"
      }
    },
    "node_modules/@tencentcloud/chat": {
      "version": "3.6.5",
      "resolved": "https://registry.npmjs.org/@tencentcloud/chat/-/chat-3.6.5.tgz",
      "integrity": "sha512-2Wseaqn8AWdkO4iaznJcdtvIsD6U/rujoWWOlFtSK778ZFASWNLEdw0PFwycZaGZJYUb2WSyR9oOXqQH/YvrCw==",
      "license": "ISC"
    },
    "node_modules/tim-upload-plugin": {
      "version": "1.4.3",
      "resolved": "https://registry.npmjs.org/tim-upload-plugin/-/tim-upload-plugin-1.4.3.tgz",
      "integrity": "sha512-3ZmbA36dr3eG9YGDon9MLBUtbNawYWkL+TBa+VS0Uviguc7PlVSOIVRG2C4irXX16slDT2Kj+HAZapp+Xqp2xg==",
      "license": "ISC"
    }
  }
}
